// !$*UTF8*$!
{
	archiveVersion = 1;
	classes = {
	};
	objectVersion = 46;
	objects = {

/* Begin PBXBuildFile section */
		3D19DCD31F5C612C00C6693F /* BasketViewModelTest.swift in Sources */ = {isa = PBXBuildFile; fileRef = 3D19DCD21F5C612C00C6693F /* BasketViewModelTest.swift */; };
		3D19DCD51F5C656000C6693F /* CheckoutViewModelTest.swift in Sources */ = {isa = PBXBuildFile; fileRef = 3D19DCD41F5C656000C6693F /* CheckoutViewModelTest.swift */; };
		3D1E5D861F5AF8DD00526A56 /* CurrencyConversionService.swift in Sources */ = {isa = PBXBuildFile; fileRef = 3D1E5D821F5AF8DD00526A56 /* CurrencyConversionService.swift */; };
		3D1E5D871F5AF8DD00526A56 /* BasketViewController.swift in Sources */ = {isa = PBXBuildFile; fileRef = 3D1E5D841F5AF8DD00526A56 /* BasketViewController.swift */; };
		3D1E5D881F5AF8DD00526A56 /* CheckoutViewController.swift in Sources */ = {isa = PBXBuildFile; fileRef = 3D1E5D851F5AF8DD00526A56 /* CheckoutViewController.swift */; };
		3D1E5D8B1F5AFC7F00526A56 /* AppController.swift in Sources */ = {isa = PBXBuildFile; fileRef = 3D1E5D8A1F5AFC7F00526A56 /* AppController.swift */; };
		3D4D39B01F5C593C00863F85 /* service_testData_OK.json in Resources */ = {isa = PBXBuildFile; fileRef = 3D4D39AF1F5C593C00863F85 /* service_testData_OK.json */; };
		3D4D39B51F5C600900863F85 /* AppControllerTest.swift in Sources */ = {isa = PBXBuildFile; fileRef = 3D4D39B21F5C600900863F85 /* AppControllerTest.swift */; };
		3D4D39B61F5C600900863F85 /* CurrencyConversionServiceTest.swift in Sources */ = {isa = PBXBuildFile; fileRef = 3D4D39B31F5C600900863F85 /* CurrencyConversionServiceTest.swift */; };
		3D4D39B71F5C600900863F85 /* RestAPITest.swift in Sources */ = {isa = PBXBuildFile; fileRef = 3D4D39B41F5C600900863F85 /* RestAPITest.swift */; };
		3DB5F3071F5C3A8800367E3B /* RestAPI.swift in Sources */ = {isa = PBXBuildFile; fileRef = 3DB5F3061F5C3A8800367E3B /* RestAPI.swift */; };
		3DEA5F1C1F5B309F008DFB3E /* MockURLSession.swift in Sources */ = {isa = PBXBuildFile; fileRef = 3DEA5F1B1F5B309F008DFB3E /* MockURLSession.swift */; };
		3DF79A691F59B670001D7D8E /* AppDelegate.swift in Sources */ = {isa = PBXBuildFile; fileRef = 3DF79A681F59B670001D7D8E /* AppDelegate.swift */; };
		3DF79A6E1F59B670001D7D8E /* Main.storyboard in Resources */ = {isa = PBXBuildFile; fileRef = 3DF79A6C1F59B670001D7D8E /* Main.storyboard */; };
		3DF79A701F59B670001D7D8E /* Assets.xcassets in Resources */ = {isa = PBXBuildFile; fileRef = 3DF79A6F1F59B670001D7D8E /* Assets.xcassets */; };
		3DF79A731F59B670001D7D8E /* LaunchScreen.storyboard in Resources */ = {isa = PBXBuildFile; fileRef = 3DF79A711F59B670001D7D8E /* LaunchScreen.storyboard */; };
		3DF79A7E1F59B670001D7D8E /* SimpleCartConversionTests.swift in Sources */ = {isa = PBXBuildFile; fileRef = 3DF79A7D1F59B670001D7D8E /* SimpleCartConversionTests.swift */; };
/* End PBXBuildFile section */

/* Begin PBXContainerItemProxy section */
		3DF79A7A1F59B670001D7D8E /* PBXContainerItemProxy */ = {
			isa = PBXContainerItemProxy;
			containerPortal = 3DF79A5D1F59B670001D7D8E /* Project object */;
			proxyType = 1;
			remoteGlobalIDString = 3DF79A641F59B670001D7D8E;
			remoteInfo = SimpleCartConversion;
		};
/* End PBXContainerItemProxy section */

/* Begin PBXFileReference section */
		3D19DCD21F5C612C00C6693F /* BasketViewModelTest.swift */ = {isa = PBXFileReference; fileEncoding = 4; lastKnownFileType = sourcecode.swift; path = BasketViewModelTest.swift; sourceTree = "<group>"; };
		3D19DCD41F5C656000C6693F /* CheckoutViewModelTest.swift */ = {isa = PBXFileReference; fileEncoding = 4; lastKnownFileType = sourcecode.swift; path = CheckoutViewModelTest.swift; sourceTree = "<group>"; };
		3D1E5D821F5AF8DD00526A56 /* CurrencyConversionService.swift */ = {isa = PBXFileReference; fileEncoding = 4; lastKnownFileType = sourcecode.swift; path = CurrencyConversionService.swift; sourceTree = "<group>"; };
		3D1E5D841F5AF8DD00526A56 /* BasketViewController.swift */ = {isa = PBXFileReference; fileEncoding = 4; lastKnownFileType = sourcecode.swift; path = BasketViewController.swift; sourceTree = "<group>"; };
		3D1E5D851F5AF8DD00526A56 /* CheckoutViewController.swift */ = {isa = PBXFileReference; fileEncoding = 4; lastKnownFileType = sourcecode.swift; path = CheckoutViewController.swift; sourceTree = "<group>"; };
		3D1E5D8A1F5AFC7F00526A56 /* AppController.swift */ = {isa = PBXFileReference; fileEncoding = 4; lastKnownFileType = sourcecode.swift; path = AppController.swift; sourceTree = "<group>"; };
		3D4D39AF1F5C593C00863F85 /* service_testData_OK.json */ = {isa = PBXFileReference; fileEncoding = 4; lastKnownFileType = text.json; path = service_testData_OK.json; sourceTree = "<group>"; };
		3D4D39B21F5C600900863F85 /* AppControllerTest.swift */ = {isa = PBXFileReference; fileEncoding = 4; lastKnownFileType = sourcecode.swift; path = AppControllerTest.swift; sourceTree = "<group>"; };
		3D4D39B31F5C600900863F85 /* CurrencyConversionServiceTest.swift */ = {isa = PBXFileReference; fileEncoding = 4; lastKnownFileType = sourcecode.swift; path = CurrencyConversionServiceTest.swift; sourceTree = "<group>"; };
		3D4D39B41F5C600900863F85 /* RestAPITest.swift */ = {isa = PBXFileReference; fileEncoding = 4; lastKnownFileType = sourcecode.swift; path = RestAPITest.swift; sourceTree = "<group>"; };
		3DB5F3061F5C3A8800367E3B /* RestAPI.swift */ = {isa = PBXFileReference; fileEncoding = 4; lastKnownFileType = sourcecode.swift; path = RestAPI.swift; sourceTree = "<group>"; };
		3DEA5F1B1F5B309F008DFB3E /* MockURLSession.swift */ = {isa = PBXFileReference; fileEncoding = 4; lastKnownFileType = sourcecode.swift; path = MockURLSession.swift; sourceTree = "<group>"; };
		3DF79A651F59B670001D7D8E /* SimpleCartConversion.app */ = {isa = PBXFileReference; explicitFileType = wrapper.application; includeInIndex = 0; path = SimpleCartConversion.app; sourceTree = BUILT_PRODUCTS_DIR; };
		3DF79A681F59B670001D7D8E /* AppDelegate.swift */ = {isa = PBXFileReference; lastKnownFileType = sourcecode.swift; path = AppDelegate.swift; sourceTree = "<group>"; };
		3DF79A6D1F59B670001D7D8E /* Base */ = {isa = PBXFileReference; lastKnownFileType = file.storyboard; name = Base; path = Base.lproj/Main.storyboard; sourceTree = "<group>"; };
		3DF79A6F1F59B670001D7D8E /* Assets.xcassets */ = {isa = PBXFileReference; lastKnownFileType = folder.assetcatalog; path = Assets.xcassets; sourceTree = "<group>"; };
		3DF79A721F59B670001D7D8E /* Base */ = {isa = PBXFileReference; lastKnownFileType = file.storyboard; name = Base; path = Base.lproj/LaunchScreen.storyboard; sourceTree = "<group>"; };
		3DF79A741F59B670001D7D8E /* Info.plist */ = {isa = PBXFileReference; lastKnownFileType = text.plist.xml; path = Info.plist; sourceTree = "<group>"; };
		3DF79A791F59B670001D7D8E /* SimpleCartConversionTests.xctest */ = {isa = PBXFileReference; explicitFileType = wrapper.cfbundle; includeInIndex = 0; path = SimpleCartConversionTests.xctest; sourceTree = BUILT_PRODUCTS_DIR; };
		3DF79A7D1F59B670001D7D8E /* SimpleCartConversionTests.swift */ = {isa = PBXFileReference; lastKnownFileType = sourcecode.swift; path = SimpleCartConversionTests.swift; sourceTree = "<group>"; };
		3DF79A7F1F59B670001D7D8E /* Info.plist */ = {isa = PBXFileReference; lastKnownFileType = text.plist.xml; path = Info.plist; sourceTree = "<group>"; };
/* End PBXFileReference section */

/* Begin PBXFrameworksBuildPhase section */
		3DF79A621F59B670001D7D8E /* Frameworks */ = {
			isa = PBXFrameworksBuildPhase;
			buildActionMask = 2147483647;
			files = (
			);
			runOnlyForDeploymentPostprocessing = 0;
		};
		3DF79A761F59B670001D7D8E /* Frameworks */ = {
			isa = PBXFrameworksBuildPhase;
			buildActionMask = 2147483647;
			files = (
			);
			runOnlyForDeploymentPostprocessing = 0;
		};
/* End PBXFrameworksBuildPhase section */

/* Begin PBXGroup section */
		3D1E5D811F5AF8DD00526A56 /* service */ = {
			isa = PBXGroup;
			children = (
				3D1E5D821F5AF8DD00526A56 /* CurrencyConversionService.swift */,
				3DB5F3061F5C3A8800367E3B /* RestAPI.swift */,
			);
			path = service;
			sourceTree = "<group>";
		};
		3D1E5D831F5AF8DD00526A56 /* views */ = {
			isa = PBXGroup;
			children = (
				3D1E5D841F5AF8DD00526A56 /* BasketViewController.swift */,
				3D1E5D851F5AF8DD00526A56 /* CheckoutViewController.swift */,
			);
			path = views;
			sourceTree = "<group>";
		};
		3D1E5D891F5AFC7600526A56 /* controller */ = {
			isa = PBXGroup;
			children = (
				3D1E5D8A1F5AFC7F00526A56 /* AppController.swift */,
			);
			path = controller;
			sourceTree = "<group>";
		};
		3D4D39B11F5C5FEA00863F85 /* test */ = {
			isa = PBXGroup;
			children = (
				3D4D39B21F5C600900863F85 /* AppControllerTest.swift */,
				3D4D39B31F5C600900863F85 /* CurrencyConversionServiceTest.swift */,
				3D4D39B41F5C600900863F85 /* RestAPITest.swift */,
				3D19DCD21F5C612C00C6693F /* BasketViewModelTest.swift */,
				3D19DCD41F5C656000C6693F /* CheckoutViewModelTest.swift */,
			);
			path = test;
			sourceTree = "<group>";
		};
		3DEA5F181F5B2A8E008DFB3E /* mock */ = {
			isa = PBXGroup;
			children = (
				3DEA5F1B1F5B309F008DFB3E /* MockURLSession.swift */,
			);
			path = mock;
			sourceTree = "<group>";
		};
		3DF79A5C1F59B670001D7D8E = {
			isa = PBXGroup;
			children = (
				3DF79A671F59B670001D7D8E /* SimpleCartConversion */,
				3DF79A7C1F59B670001D7D8E /* SimpleCartConversionTests */,
				3DF79A661F59B670001D7D8E /* Products */,
			);
			sourceTree = "<group>";
		};
		3DF79A661F59B670001D7D8E /* Products */ = {
			isa = PBXGroup;
			children = (
				3DF79A651F59B670001D7D8E /* SimpleCartConversion.app */,
				3DF79A791F59B670001D7D8E /* SimpleCartConversionTests.xctest */,
			);
			name = Products;
			sourceTree = "<group>";
		};
		3DF79A671F59B670001D7D8E /* SimpleCartConversion */ = {
			isa = PBXGroup;
			children = (
				3D1E5D891F5AFC7600526A56 /* controller */,
				3D1E5D811F5AF8DD00526A56 /* service */,
				3D1E5D831F5AF8DD00526A56 /* views */,
				3DF79A681F59B670001D7D8E /* AppDelegate.swift */,
				3DF79A6C1F59B670001D7D8E /* Main.storyboard */,
				3DF79A6F1F59B670001D7D8E /* Assets.xcassets */,
				3DF79A711F59B670001D7D8E /* LaunchScreen.storyboard */,
				3DF79A741F59B670001D7D8E /* Info.plist */,
			);
			path = SimpleCartConversion;
			sourceTree = "<group>";
		};
		3DF79A7C1F59B670001D7D8E /* SimpleCartConversionTests */ = {
			isa = PBXGroup;
			children = (
				3D4D39B11F5C5FEA00863F85 /* test */,
				3DEA5F181F5B2A8E008DFB3E /* mock */,
				3DF79A7D1F59B670001D7D8E /* SimpleCartConversionTests.swift */,
				3DF79A7F1F59B670001D7D8E /* Info.plist */,
				3D4D39AF1F5C593C00863F85 /* service_testData_OK.json */,
			);
			path = SimpleCartConversionTests;
			sourceTree = "<group>";
		};
/* End PBXGroup section */

/* Begin PBXNativeTarget section */
		3DF79A641F59B670001D7D8E /* SimpleCartConversion */ = {
			isa = PBXNativeTarget;
			buildConfigurationList = 3DF79A821F59B670001D7D8E /* Build configuration list for PBXNativeTarget "SimpleCartConversion" */;
			buildPhases = (
				3DF79A611F59B670001D7D8E /* Sources */,
				3DF79A621F59B670001D7D8E /* Frameworks */,
				3DF79A631F59B670001D7D8E /* Resources */,
			);
			buildRules = (
			);
			dependencies = (
			);
			name = SimpleCartConversion;
			productName = SimpleCartConversion;
			productReference = 3DF79A651F59B670001D7D8E /* SimpleCartConversion.app */;
			productType = "com.apple.product-type.application";
		};
		3DF79A781F59B670001D7D8E /* SimpleCartConversionTests */ = {
			isa = PBXNativeTarget;
			buildConfigurationList = 3DF79A851F59B670001D7D8E /* Build configuration list for PBXNativeTarget "SimpleCartConversionTests" */;
			buildPhases = (
				3DF79A751F59B670001D7D8E /* Sources */,
				3DF79A761F59B670001D7D8E /* Frameworks */,
				3DF79A771F59B670001D7D8E /* Resources */,
			);
			buildRules = (
			);
			dependencies = (
				3DF79A7B1F59B670001D7D8E /* PBXTargetDependency */,
			);
			name = SimpleCartConversionTests;
			productName = SimpleCartConversionTests;
			productReference = 3DF79A791F59B670001D7D8E /* SimpleCartConversionTests.xctest */;
			productType = "com.apple.product-type.bundle.unit-test";
		};
/* End PBXNativeTarget section */

/* Begin PBXProject section */
		3DF79A5D1F59B670001D7D8E /* Project object */ = {
			isa = PBXProject;
			attributes = {
				LastSwiftUpdateCheck = 0830;
				LastUpgradeCheck = 0830;
				ORGANIZATIONNAME = "William Pompei";
				TargetAttributes = {
					3DF79A641F59B670001D7D8E = {
						CreatedOnToolsVersion = 8.3.3;
						DevelopmentTeam = B5QW9XW7YB;
						ProvisioningStyle = Automatic;
					};
					3DF79A781F59B670001D7D8E = {
						CreatedOnToolsVersion = 8.3.3;
						DevelopmentTeam = B5QW9XW7YB;
						ProvisioningStyle = Automatic;
						TestTargetID = 3DF79A641F59B670001D7D8E;
					};
				};
			};
			buildConfigurationList = 3DF79A601F59B670001D7D8E /* Build configuration list for PBXProject "SimpleCartConversion" */;
			compatibilityVersion = "Xcode 3.2";
			developmentRegion = English;
			hasScannedForEncodings = 0;
			knownRegions = (
				en,
				Base,
			);
			mainGroup = 3DF79A5C1F59B670001D7D8E;
			productRefGroup = 3DF79A661F59B670001D7D8E /* Products */;
			projectDirPath = "";
			projectRoot = "";
			targets = (
				3DF79A641F59B670001D7D8E /* SimpleCartConversion */,
				3DF79A781F59B670001D7D8E /* SimpleCartConversionTests */,
			);
		};
/* End PBXProject section */

/* Begin PBXResourcesBuildPhase section */
		3DF79A631F59B670001D7D8E /* Resources */ = {
			isa = PBXResourcesBuildPhase;
			buildActionMask = 2147483647;
			files = (
				3DF79A731F59B670001D7D8E /* LaunchScreen.storyboard in Resources */,
				3DF79A701F59B670001D7D8E /* Assets.xcassets in Resources */,
				3DF79A6E1F59B670001D7D8E /* Main.storyboard in Resources */,
			);
			runOnlyForDeploymentPostprocessing = 0;
		};
		3DF79A771F59B670001D7D8E /* Resources */ = {
			isa = PBXResourcesBuildPhase;
			buildActionMask = 2147483647;
			files = (
				3D4D39B01F5C593C00863F85 /* service_testData_OK.json in Resources */,
			);
			runOnlyForDeploymentPostprocessing = 0;
		};
/* End PBXResourcesBuildPhase section */

/* Begin PBXSourcesBuildPhase section */
		3DF79A611F59B670001D7D8E /* Sources */ = {
			isa = PBXSourcesBuildPhase;
			buildActionMask = 2147483647;
			files = (
				3DB5F3071F5C3A8800367E3B /* RestAPI.swift in Sources */,
				3D1E5D871F5AF8DD00526A56 /* BasketViewController.swift in Sources */,
				3D1E5D8B1F5AFC7F00526A56 /* AppController.swift in Sources */,
				3DF79A691F59B670001D7D8E /* AppDelegate.swift in Sources */,
				3D1E5D861F5AF8DD00526A56 /* CurrencyConversionService.swift in Sources */,
				3D1E5D881F5AF8DD00526A56 /* CheckoutViewController.swift in Sources */,
			);
			runOnlyForDeploymentPostprocessing = 0;
		};
		3DF79A751F59B670001D7D8E /* Sources */ = {
			isa = PBXSourcesBuildPhase;
			buildActionMask = 2147483647;
			files = (
				3D4D39B61F5C600900863F85 /* CurrencyConversionServiceTest.swift in Sources */,
				3D4D39B71F5C600900863F85 /* RestAPITest.swift in Sources */,
				3D4D39B51F5C600900863F85 /* AppControllerTest.swift in Sources */,
				3DEA5F1C1F5B309F008DFB3E /* MockURLSession.swift in Sources */,
				3D19DCD31F5C612C00C6693F /* BasketViewModelTest.swift in Sources */,
				3DF79A7E1F59B670001D7D8E /* SimpleCartConversionTests.swift in Sources */,
				3D19DCD51F5C656000C6693F /* CheckoutViewModelTest.swift in Sources */,
			);
			runOnlyForDeploymentPostprocessing = 0;
		};
/* End PBXSourcesBuildPhase section */

/* Begin PBXTargetDependency section */
		3DF79A7B1F59B670001D7D8E /* PBXTargetDependency */ = {
			isa = PBXTargetDependency;
			target = 3DF79A641F59B670001D7D8E /* SimpleCartConversion */;
			targetProxy = 3DF79A7A1F59B670001D7D8E /* PBXContainerItemProxy */;
		};
/* End PBXTargetDependency section */

/* Begin PBXVariantGroup section */
		3DF79A6C1F59B670001D7D8E /* Main.storyboard */ = {
			isa = PBXVariantGroup;
			children = (
				3DF79A6D1F59B670001D7D8E /* Base */,
			);
			name = Main.storyboard;
			sourceTree = "<group>";
		};
		3DF79A711F59B670001D7D8E /* LaunchScreen.storyboard */ = {
			isa = PBXVariantGroup;
			children = (
				3DF79A721F59B670001D7D8E /* Base */,
			);
			name = LaunchScreen.storyboard;
			sourceTree = "<group>";
		};
/* End PBXVariantGroup section */

/* Begin XCBuildConfiguration section */
		3DF79A801F59B670001D7D8E /* Debug */ = {
			isa = XCBuildConfiguration;
			buildSettings = {
				ALWAYS_SEARCH_USER_PATHS = NO;
				CLANG_ANALYZER_NONNULL = YES;
				CLANG_ANALYZER_NUMBER_OBJECT_CONVERSION = YES_AGGRESSIVE;
				CLANG_CXX_LANGUAGE_STANDARD = "gnu++0x";
				CLANG_CXX_LIBRARY = "libc++";
				CLANG_ENABLE_MODULES = YES;
				CLANG_ENABLE_OBJC_ARC = YES;
				CLANG_WARN_BOOL_CONVERSION = YES;
				CLANG_WARN_CONSTANT_CONVERSION = YES;
				CLANG_WARN_DIRECT_OBJC_ISA_USAGE = YES_ERROR;
				CLANG_WARN_DOCUMENTATION_COMMENTS = YES;
				CLANG_WARN_EMPTY_BODY = YES;
				CLANG_WARN_ENUM_CONVERSION = YES;
				CLANG_WARN_INFINITE_RECURSION = YES;
				CLANG_WARN_INT_CONVERSION = YES;
				CLANG_WARN_OBJC_ROOT_CLASS = YES_ERROR;
				CLANG_WARN_SUSPICIOUS_MOVE = YES;
				CLANG_WARN_UNREACHABLE_CODE = YES;
				CLANG_WARN__DUPLICATE_METHOD_MATCH = YES;
				"CODE_SIGN_IDENTITY[sdk=iphoneos*]" = "iPhone Developer";
				COPY_PHASE_STRIP = NO;
				DEBUG_INFORMATION_FORMAT = dwarf;
				ENABLE_STRICT_OBJC_MSGSEND = YES;
				ENABLE_TESTABILITY = YES;
				GCC_C_LANGUAGE_STANDARD = gnu99;
				GCC_DYNAMIC_NO_PIC = NO;
				GCC_NO_COMMON_BLOCKS = YES;
				GCC_OPTIMIZATION_LEVEL = 0;
				GCC_PREPROCESSOR_DEFINITIONS = (
					"DEBUG=1",
					"$(inherited)",
				);
				GCC_WARN_64_TO_32_BIT_CONVERSION = YES;
				GCC_WARN_ABOUT_RETURN_TYPE = YES_ERROR;
				GCC_WARN_UNDECLARED_SELECTOR = YES;
				GCC_WARN_UNINITIALIZED_AUTOS = YES_AGGRESSIVE;
				GCC_WARN_UNUSED_FUNCTION = YES;
				GCC_WARN_UNUSED_VARIABLE = YES;
				IPHONEOS_DEPLOYMENT_TARGET = 10.3;
				MTL_ENABLE_DEBUG_INFO = YES;
				ONLY_ACTIVE_ARCH = YES;
				SDKROOT = iphoneos;
				SWIFT_ACTIVE_COMPILATION_CONDITIONS = DEBUG;
				SWIFT_OPTIMIZATION_LEVEL = "-Onone";
				TARGETED_DEVICE_FAMILY = "1,2";
			};
			name = Debug;
		};
		3DF79A811F59B670001D7D8E /* Release */ = {
			isa = XCBuildConfiguration;
			buildSettings = {
				ALWAYS_SEARCH_USER_PATHS = NO;
				CLANG_ANALYZER_NONNULL = YES;
				CLANG_ANALYZER_NUMBER_OBJECT_CONVERSION = YES_AGGRESSIVE;
				CLANG_CXX_LANGUAGE_STANDARD = "gnu++0x";
				CLANG_CXX_LIBRARY = "libc++";
				CLANG_ENABLE_MODULES = YES;
				CLANG_ENABLE_OBJC_ARC = YES;
				CLANG_WARN_BOOL_CONVERSION = YES;
				CLANG_WARN_CONSTANT_CONVERSION = YES;
				CLANG_WARN_DIRECT_OBJC_ISA_USAGE = YES_ERROR;
				CLANG_WARN_DOCUMENTATION_COMMENTS = YES;
				CLANG_WARN_EMPTY_BODY = YES;
				CLANG_WARN_ENUM_CONVERSION = YES;
				CLANG_WARN_INFINITE_RECURSION = YES;
				CLANG_WARN_INT_CONVERSION = YES;
				CLANG_WARN_OBJC_ROOT_CLASS = YES_ERROR;
				CLANG_WARN_SUSPICIOUS_MOVE = YES;
				CLANG_WARN_UNREACHABLE_CODE = YES;
				CLANG_WARN__DUPLICATE_METHOD_MATCH = YES;
				"CODE_SIGN_IDENTITY[sdk=iphoneos*]" = "iPhone Developer";
				COPY_PHASE_STRIP = NO;
				DEBUG_INFORMATION_FORMAT = "dwarf-with-dsym";
				ENABLE_NS_ASSERTIONS = NO;
				ENABLE_STRICT_OBJC_MSGSEND = YES;
				GCC_C_LANGUAGE_STANDARD = gnu99;
				GCC_NO_COMMON_BLOCKS = YES;
				GCC_WARN_64_TO_32_BIT_CONVERSION = YES;
				GCC_WARN_ABOUT_RETURN_TYPE = YES_ERROR;
				GCC_WARN_UNDECLARED_SELECTOR = YES;
				GCC_WARN_UNINITIALIZED_AUTOS = YES_AGGRESSIVE;
				GCC_WARN_UNUSED_FUNCTION = YES;
				GCC_WARN_UNUSED_VARIABLE = YES;
				IPHONEOS_DEPLOYMENT_TARGET = 10.3;
				MTL_ENABLE_DEBUG_INFO = NO;
				SDKROOT = iphoneos;
				SWIFT_OPTIMIZATION_LEVEL = "-Owholemodule";
				TARGETED_DEVICE_FAMILY = "1,2";
				VALIDATE_PRODUCT = YES;
			};
			name = Release;
		};
		3DF79A831F59B670001D7D8E /* Debug */ = {
			isa = XCBuildConfiguration;
			buildSettings = {
				ASSETCATALOG_COMPILER_APPICON_NAME = AppIcon;
				DEVELOPMENT_TEAM = B5QW9XW7YB;
				INFOPLIST_FILE = SimpleCartConversion/Info.plist;
				LD_RUNPATH_SEARCH_PATHS = "$(inherited) @executable_path/Frameworks";
				PRODUCT_BUNDLE_IDENTIFIER = notsoux.SimpleCartConversion;
				PRODUCT_NAME = "$(TARGET_NAME)";
				SWIFT_VERSION = 3.0;
			};
			name = Debug;
		};
		3DF79A841F59B670001D7D8E /* Release */ = {
			isa = XCBuildConfiguration;
			buildSettings = {
				ASSETCATALOG_COMPILER_APPICON_NAME = AppIcon;
				DEVELOPMENT_TEAM = B5QW9XW7YB;
				INFOPLIST_FILE = SimpleCartConversion/Info.plist;
				LD_RUNPATH_SEARCH_PATHS = "$(inherited) @executable_path/Frameworks";
				PRODUCT_BUNDLE_IDENTIFIER = notsoux.SimpleCartConversion;
				PRODUCT_NAME = "$(TARGET_NAME)";
				SWIFT_VERSION = 3.0;
			};
			name = Release;
		};
		3DF79A861F59B670001D7D8E /* Debug */ = {
			isa = XCBuildConfiguration;
			buildSettings = {
				ALWAYS_EMBED_SWIFT_STANDARD_LIBRARIES = YES;
				BUNDLE_LOADER = "$(TEST_HOST)";
				DEVELOPMENT_TEAM = B5QW9XW7YB;
				INFOPLIST_FILE = SimpleCartConversionTests/Info.plist;
				LD_RUNPATH_SEARCH_PATHS = "$(inherited) @executable_path/Frameworks @loader_path/Frameworks";
				PRODUCT_BUNDLE_IDENTIFIER = notsoux.SimpleCartConversionTests;
				PRODUCT_NAME = "$(TARGET_NAME)";
				SWIFT_VERSION = 3.0;
				TEST_HOST = "$(BUILT_PRODUCTS_DIR)/SimpleCartConversion.app/SimpleCartConversion";
			};
			name = Debug;
		};
		3DF79A871F59B670001D7D8E /* Release */ = {
			isa = XCBuildConfiguration;
			buildSettings = {
				ALWAYS_EMBED_SWIFT_STANDARD_LIBRARIES = YES;
				BUNDLE_LOADER = "$(TEST_HOST)";
				DEVELOPMENT_TEAM = B5QW9XW7YB;
				INFOPLIST_FILE = SimpleCartConversionTests/Info.plist;
				LD_RUNPATH_SEARCH_PATHS = "$(inherited) @executable_path/Frameworks @loader_path/Frameworks";
				PRODUCT_BUNDLE_IDENTIFIER = notsoux.SimpleCartConversionTests;
				PRODUCT_NAME = "$(TARGET_NAME)";
				SWIFT_VERSION = 3.0;
				TEST_HOST = "$(BUILT_PRODUCTS_DIR)/SimpleCartConversion.app/SimpleCartConversion";
			};
			name = Release;
		};
/* End XCBuildConfiguration section */

/* Begin XCConfigurationList section */
		3DF79A601F59B670001D7D8E /* Build configuration list for PBXProject "SimpleCartConversion" */ = {
			isa = XCConfigurationList;
			buildConfigurations = (
				3DF79A801F59B670001D7D8E /* Debug */,
				3DF79A811F59B670001D7D8E /* Release */,
			);
			defaultConfigurationIsVisible = 0;
			defaultConfigurationName = Release;
		};
		3DF79A821F59B670001D7D8E /* Build configuration list for PBXNativeTarget "SimpleCartConversion" */ = {
			isa = XCConfigurationList;
			buildConfigurations = (
				3DF79A831F59B670001D7D8E /* Debug */,
				3DF79A841F59B670001D7D8E /* Release */,
			);
			defaultConfigurationIsVisible = 0;
			defaultConfigurationName = Release;
		};
		3DF79A851F59B670001D7D8E /* Build configuration list for PBXNativeTarget "SimpleCartConversionTests" */ = {
			isa = XCConfigurationList;
			buildConfigurations = (
				3DF79A861F59B670001D7D8E /* Debug */,
				3DF79A871F59B670001D7D8E /* Release */,
			);
			defaultConfigurationIsVisible = 0;
			defaultConfigurationName = Release;
		};
/* End XCConfigurationList section */
	};
	rootObject = 3DF79A5D1F59B670001D7D8E /* Project object */;
}
